<?xml version="1.0" encoding="UTF-8"?>
<Scheme
   version = "1.3">
   <BuildAction>
      <BuildActionEntries>
         <BuildActionEntry
            buildForRunning = "YES">
            <BuildableReference
               BuildableIdentifier = "primary"
               BlueprintIdentifier = "C8220A8B7279D11051C913A1"
               BuildableName = "swift-realm-notifications-demo.app"
               BlueprintName = "swift-realm-notifications-demo"
               ReferencedContainer = "container:swift-realm-notifications-demo.xcodeproj">
            </BuildableReference>
         </BuildActionEntry>
      </BuildActionEntries>
   </BuildAction>
   <LaunchAction
      useCustomWorkingDirectory = "NO"
      buildConfiguration = "Debug">
      <BuildableProductRunnable>
         <BuildableReference
            BuildableIdentifier = "primary"
            BlueprintIdentifier = "C8220A8B7279D11051C913A1"
            BuildableName = "swift-realm-notifications-demo.app"
            BlueprintName = "swift-realm-notifications-demo"
            ReferencedContainer = "container:swift-realm-notifications-demo.xcodeproj">
         </BuildableReference>
      </BuildableProductRunnable>
   </LaunchAction>
</Scheme>
